
Microsoft Visual Studio Solution File, Format Version 12.00
# Visual Studio Version 17
VisualStudioVersion = 17.11.35312.102
MinimumVisualStudioVersion = 10.0.40219.1
Project("{FAE04EC0-301F-11D3-BF4B-00C04F79EFBC}") = "crud", "crud\crud.csproj", "{A6551B79-B624-404F-ADDC-780621C49F5F}"
EndProject
Global
	GlobalSection(SolutionConfigurationPlatforms) = preSolution
		Debug|Any CPU = Debug|Any CPU
		Release|Any CPU = Release|Any CPU
	EndGlobalSection
	GlobalSection(ProjectConfigurationPlatforms) = postSolution
		{A6551B79-B624-404F-ADDC-780621C49F5F}.Debug|Any CPU.ActiveCfg = Debug|Any CPU
		{A6551B79-B624-404F-ADDC-780621C49F5F}.Debug|Any CPU.Build.0 = Debug|Any CPU
		{A6551B79-B624-404F-ADDC-780621C49F5F}.Release|Any CPU.ActiveCfg = Release|Any CPU
		{A6551B79-B624-404F-ADDC-780621C49F5F}.Release|Any CPU.Build.0 = Release|Any CPU
	EndGlobalSection
	GlobalSection(SolutionProperties) = preSolution
		HideSolutionNode = FALSE
	EndGlobalSection
	GlobalSection(ExtensibilityGlobals) = postSolution
		SolutionGuid = {8D3B1192-F048-485C-A389-AED61C25BB35}
	EndGlobalSection
EndGlobal
